
Microsoft Visual Studio Solution File, Format Version 12.00
# Visual Studio Version 17
VisualStudioVersion = 17.13.35931.197 d17.13
MinimumVisualStudioVersion = 10.0.40219.1
Project("{FAE04EC0-301F-11D3-BF4B-00C04F79EFBC}") = "listview", "listview.csproj", "{DAAAEA8E-363D-4350-BF2E-3B59011B8147}"
EndProject
Global
	GlobalSection(SolutionConfigurationPlatforms) = preSolution
		Debug|Any CPU = Debug|Any CPU
		Release|Any CPU = Release|Any CPU
	EndGlobalSection
	GlobalSection(ProjectConfigurationPlatforms) = postSolution
		{DAAAEA8E-363D-4350-BF2E-3B59011B8147}.Debug|Any CPU.ActiveCfg = Debug|Any CPU
		{DAAAEA8E-363D-4350-BF2E-3B59011B8147}.Debug|Any CPU.Build.0 = Debug|Any CPU
		{DAAAEA8E-363D-4350-BF2E-3B59011B8147}.Release|Any CPU.ActiveCfg = Release|Any CPU
		{DAAAEA8E-363D-4350-BF2E-3B59011B8147}.Release|Any CPU.Build.0 = Release|Any CPU
	EndGlobalSection
	GlobalSection(SolutionProperties) = preSolution
		HideSolutionNode = FALSE
	EndGlobalSection
	GlobalSection(ExtensibilityGlobals) = postSolution
		SolutionGuid = {44D5675D-012F-444E-99D6-3EE59EE5F202}
	EndGlobalSection
EndGlobal
